
Microsoft Visual Studio Solution File, Format Version 12.00
# Visual Studio 2012
Project("{FAE04EC0-301F-11D3-BF4B-00C04F79EFBC}") = "logpackermobilesdk", "logpackermobilesdk.csproj", "{1D3B925C-BBCB-4718-B052-AD4CCAFE9D89}"
EndProject
Project("{9344BDBB-3E7F-41FC-A0DD-8665D75EE146}") = "Packages", "Packages.mdproj", "{97DC12AD-6F50-4ECD-A0B2-5DDE49B9327E}"
EndProject
Project("{9344BDBB-3E7F-41FC-A0DD-8665D75EE146}") = "Packages", "Packages.mdproj", "{8298C442-D3DD-449A-A3BF-CD15B1FBA8B2}"
EndProject
Global
	GlobalSection(SolutionConfigurationPlatforms) = preSolution
		Debug|Any CPU = Debug|Any CPU
		Release|Any CPU = Release|Any CPU
	EndGlobalSection
	GlobalSection(ProjectConfigurationPlatforms) = postSolution
		{1D3B925C-BBCB-4718-B052-AD4CCAFE9D89}.Debug|Any CPU.ActiveCfg = Debug|Any CPU
		{1D3B925C-BBCB-4718-B052-AD4CCAFE9D89}.Debug|Any CPU.Build.0 = Debug|Any CPU
		{1D3B925C-BBCB-4718-B052-AD4CCAFE9D89}.Release|Any CPU.ActiveCfg = Release|Any CPU
		{1D3B925C-BBCB-4718-B052-AD4CCAFE9D89}.Release|Any CPU.Build.0 = Release|Any CPU
		{97DC12AD-6F50-4ECD-A0B2-5DDE49B9327E}.Debug|Any CPU.ActiveCfg = Debug|Any CPU
		{97DC12AD-6F50-4ECD-A0B2-5DDE49B9327E}.Release|Any CPU.ActiveCfg = Release|Any CPU
		{8298C442-D3DD-449A-A3BF-CD15B1FBA8B2}.Debug|Any CPU.ActiveCfg = Debug|Any CPU
		{8298C442-D3DD-449A-A3BF-CD15B1FBA8B2}.Release|Any CPU.ActiveCfg = Release|Any CPU
	EndGlobalSection
EndGlobal
